
Microsoft Visual Studio Solution File, Format Version 12.00
# Visual Studio 15
VisualStudioVersion = 15.0.27428.1
MinimumVisualStudioVersion = 10.0.40219.1
Project("{FAE04EC0-301F-11D3-BF4B-00C04F79EFBC}") = "DynamoCore", "DynamoCore\DynamoCore.csproj", "{7858FA8C-475F-4B8E-B468-1F8200778CF8}"
	ProjectSection(ProjectDependencies) = postProject
		{133FC760-5699-46D9-BEA6-E816B5F01016} = {133FC760-5699-46D9-BEA6-E816B5F01016}
	EndProjectSection
EndProject
Project("{FAE04EC0-301F-11D3-BF4B-00C04F79EFBC}") = "Expressior", "DynamoSandbox\Expressior.csproj", "{0EFABBF0-2B81-4423-B8E2-6111FBE69B79}"
	ProjectSection(ProjectDependencies) = postProject
		{133FC760-5699-46D9-BEA6-E816B5F01016} = {133FC760-5699-46D9-BEA6-E816B5F01016}
	EndProjectSection
EndProject
Project("{2150E333-8FDC-42A3-9474-1A3956D46DE8}") = "Engine", "Engine", "{A6533823-A64A-441C-B7A2-7B2772F87002}"
EndProject
Project("{FAE04EC0-301F-11D3-BF4B-00C04F79EFBC}") = "ProtoAssociative", "Engine\ProtoAssociative\ProtoAssociative.csproj", "{7318D5E5-9D15-4ABE-8A51-92F58D4F0B85}"
EndProject
Project("{FAE04EC0-301F-11D3-BF4B-00C04F79EFBC}") = "ProtoCore", "Engine\ProtoCore\ProtoCore.csproj", "{7A9E0314-966F-4584-BAA3-7339CBB849D1}"
	ProjectSection(ProjectDependencies) = postProject
		{133FC760-5699-46D9-BEA6-E816B5F01016} = {133FC760-5699-46D9-BEA6-E816B5F01016}
	EndProjectSection
EndProject
Project("{FAE04EC0-301F-11D3-BF4B-00C04F79EFBC}") = "ProtoImperative", "Engine\ProtoImperative\ProtoImperative.csproj", "{0D3D43DC-BD7E-46F0-93F7-1C6A6CC79948}"
EndProject
Project("{FAE04EC0-301F-11D3-BF4B-00C04F79EFBC}") = "ProtoScript", "Engine\ProtoScript\ProtoScript.csproj", "{A4794476-7D0E-41C0-AD83-4AB929C0A46C}"
EndProject
Project("{2150E333-8FDC-42A3-9474-1A3956D46DE8}") = "Libraries", "Libraries", "{FA7BE306-A3B0-45FA-9D87-0C69E6932C13}"
EndProject
Project("{FAE04EC0-301F-11D3-BF4B-00C04F79EFBC}") = "CoreNodes", "Libraries\CoreNodes\CoreNodes.csproj", "{87550B2B-6CB8-461E-8965-DFAFE3AAFB5C}"
	ProjectSection(ProjectDependencies) = postProject
		{133FC760-5699-46D9-BEA6-E816B5F01016} = {133FC760-5699-46D9-BEA6-E816B5F01016}
	EndProjectSection
EndProject
Project("{FAE04EC0-301F-11D3-BF4B-00C04F79EFBC}") = "CoreNodeModels", "Libraries\CoreNodeModels\CoreNodeModels.csproj", "{D8262D40-4880-41E4-91E4-AF8F480C8637}"
	ProjectSection(ProjectDependencies) = postProject
		{C5ADC05B-34E8-47BF-8E78-9C7BF96418C2} = {C5ADC05B-34E8-47BF-8E78-9C7BF96418C2}
	EndProjectSection
EndProject
Project("{FAE04EC0-301F-11D3-BF4B-00C04F79EFBC}") = "CoreNodeModelsWpf", "Libraries\CoreNodeModelsWpf\CoreNodeModelsWpf.csproj", "{F5932F7D-8E34-4787-80B8-E7F9D996EDFF}"
	ProjectSection(ProjectDependencies) = postProject
		{C5ADC05B-34E8-47BF-8E78-9C7BF96418C2} = {C5ADC05B-34E8-47BF-8E78-9C7BF96418C2}
	EndProjectSection
EndProject
Project("{FAE04EC0-301F-11D3-BF4B-00C04F79EFBC}") = "Watch3DNodeModelsWpf", "Libraries\Watch3DNodeModelsWpf\Watch3DNodeModelsWpf.csproj", "{B9E338CA-6677-4772-B01D-1FCEABCDAAAB}"
EndProject
Project("{FAE04EC0-301F-11D3-BF4B-00C04F79EFBC}") = "PythonNodeModelsWpf", "Libraries\PythonNodeModelsWpf\PythonNodeModelsWpf.csproj", "{01DE9B06-0BCB-4D8A-862E-E8170F5D6B4F}"
EndProject
Project("{FAE04EC0-301F-11D3-BF4B-00C04F79EFBC}") = "DynamoServices", "NodeServices\DynamoServices.csproj", "{EF879A10-041D-4C68-83E7-3192685F1BAE}"
	ProjectSection(ProjectDependencies) = postProject
		{133FC760-5699-46D9-BEA6-E816B5F01016} = {133FC760-5699-46D9-BEA6-E816B5F01016}
	EndProjectSection
EndProject
Project("{FAE04EC0-301F-11D3-BF4B-00C04F79EFBC}") = "DynamoUtilities", "DynamoUtilities\DynamoUtilities.csproj", "{B5F435CB-0D8A-40B1-A4F7-5ECB3CE792A9}"
	ProjectSection(ProjectDependencies) = postProject
		{133FC760-5699-46D9-BEA6-E816B5F01016} = {133FC760-5699-46D9-BEA6-E816B5F01016}
	EndProjectSection
EndProject
Project("{FAE04EC0-301F-11D3-BF4B-00C04F79EFBC}") = "DSIronPython", "Libraries\DSIronPython\DSIronPython.csproj", "{9EEF4F42-6B3B-4358-9A8A-C2701539A822}"
	ProjectSection(ProjectDependencies) = postProject
		{133FC760-5699-46D9-BEA6-E816B5F01016} = {133FC760-5699-46D9-BEA6-E816B5F01016}
	EndProjectSection
EndProject
Project("{FAE04EC0-301F-11D3-BF4B-00C04F79EFBC}") = "GraphLayout", "Engine\GraphLayout\GraphLayout.csproj", "{C2595B04-856D-40AE-8B99-4804C7A70708}"
	ProjectSection(ProjectDependencies) = postProject
		{133FC760-5699-46D9-BEA6-E816B5F01016} = {133FC760-5699-46D9-BEA6-E816B5F01016}
	EndProjectSection
EndProject
Project("{FAE04EC0-301F-11D3-BF4B-00C04F79EFBC}") = "VMDataBridge", "Libraries\VMDataBridge\VMDataBridge.csproj", "{CCB6E56B-2DA1-4EBA-A1F9-E8510E129D12}"
	ProjectSection(ProjectDependencies) = postProject
		{133FC760-5699-46D9-BEA6-E816B5F01016} = {133FC760-5699-46D9-BEA6-E816B5F01016}
	EndProjectSection
EndProject
Project("{FAE04EC0-301F-11D3-BF4B-00C04F79EFBC}") = "AssemblyInfoGenerator", "AssemblySharedInfoGenerator\AssemblyInfoGenerator.csproj", "{133FC760-5699-46D9-BEA6-E816B5F01016}"
EndProject
Project("{FAE04EC0-301F-11D3-BF4B-00C04F79EFBC}") = "DynamoCoreWpf", "DynamoCoreWpf\DynamoCoreWpf.csproj", "{51BB6014-43F7-4F31-B8D3-E3C37EBEDAF4}"
EndProject
Project("{FAE04EC0-301F-11D3-BF4B-00C04F79EFBC}") = "DynamoConversions", "Libraries\DynamoConversions\DynamoConversions.csproj", "{C5ADC05B-34E8-47BF-8E78-9C7BF96418C2}"
EndProject
Project("{FAE04EC0-301F-11D3-BF4B-00C04F79EFBC}") = "DynamoPackages", "DynamoPackages\DynamoPackages.csproj", "{47533B7C-0E1A-44A4-8511-B438645F052A}"
EndProject
Project("{FAE04EC0-301F-11D3-BF4B-00C04F79EFBC}") = "PythonNodeModels", "Libraries\PythonNodeModels\PythonNodeModels.csproj", "{8872CA17-C10D-43B9-8393-5C5A57065EB0}"
EndProject
Project("{FAE04EC0-301F-11D3-BF4B-00C04F79EFBC}") = "Watch3DNodeModels", "Libraries\Watch3DNodeModels\Watch3DNodeModels.csproj", "{31183026-DE70-49CB-BC7C-0DFD0A088F62}"
EndProject
Project("{FAE04EC0-301F-11D3-BF4B-00C04F79EFBC}") = "DynamoManipulation", "DynamoManipulation\DynamoManipulation.csproj", "{33F88E8C-CC3C-4237-8AA9-CC891EFCABFA}"
EndProject
Project("{FAE04EC0-301F-11D3-BF4B-00C04F79EFBC}") = "LibraryViewExtension", "LibraryViewExtension\LibraryViewExtension.csproj", "{8EACBFD1-1CD4-4519-A5FC-215D40A67204}"
EndProject
Project("{FAE04EC0-301F-11D3-BF4B-00C04F79EFBC}") = "ImageProcess", "Libraries\ImageProcess\ImageProcess.csproj", "{A50C198C-DA6E-4081-BC53-0F44D287F207}"
EndProject
Project("{FAE04EC0-301F-11D3-BF4B-00C04F79EFBC}") = "DicomTools", "Libraries\DicomTools\DicomTools.csproj", "{0E641B47-2E78-46A0-9EA7-973877595C7A}"
EndProject
Project("{FAE04EC0-301F-11D3-BF4B-00C04F79EFBC}") = "DesignScriptBuiltin", "Libraries\DesignScriptBuiltin\DesignScriptBuiltin.csproj", "{C0D6DEE5-5532-4345-9C66-4C00D7FDB8BE}"
EndProject
Project("{FAE04EC0-301F-11D3-BF4B-00C04F79EFBC}") = "DeepLearning", "Libraries\DeepLearning\DeepLearning.csproj", "{BEBF0FCC-11A9-45F5-A076-BDDDEC452D59}"
EndProject
Project("{2150E333-8FDC-42A3-9474-1A3956D46DE8}") = "Utilities", "Utilities", "{08107888-2AA7-4B78-8498-D60B63835022}"
EndProject
Project("{FAE04EC0-301F-11D3-BF4B-00C04F79EFBC}") = "ProtobufTools", "Utilities\ProtobufTools\ProtobufTools.csproj", "{14B2ADFE-54A0-46D3-B400-8F9333C1F96B}"
EndProject
Project("{FAE04EC0-301F-11D3-BF4B-00C04F79EFBC}") = "ModelAnalyzer", "Libraries\ModelAnalyzer\ModelAnalyzer.csproj", "{C068DE76-0651-4F6C-8807-B90EF749D104}"
EndProject
Global
	GlobalSection(SolutionConfigurationPlatforms) = preSolution
		Debug|Any CPU = Debug|Any CPU
		Debug|x64 = Debug|x64
		Debug|x86 = Debug|x86
		Release|Any CPU = Release|Any CPU
		Release|x64 = Release|x64
		Release|x86 = Release|x86
	EndGlobalSection
	GlobalSection(ProjectConfigurationPlatforms) = postSolution
		{7858FA8C-475F-4B8E-B468-1F8200778CF8}.Debug|Any CPU.ActiveCfg = Debug|Any CPU
		{7858FA8C-475F-4B8E-B468-1F8200778CF8}.Debug|Any CPU.Build.0 = Debug|Any CPU
		{7858FA8C-475F-4B8E-B468-1F8200778CF8}.Debug|x64.ActiveCfg = Debug|x64
		{7858FA8C-475F-4B8E-B468-1F8200778CF8}.Debug|x64.Build.0 = Debug|x64
		{7858FA8C-475F-4B8E-B468-1F8200778CF8}.Debug|x86.ActiveCfg = Debug|Any CPU
		{7858FA8C-475F-4B8E-B468-1F8200778CF8}.Debug|x86.Build.0 = Debug|Any CPU
		{7858FA8C-475F-4B8E-B468-1F8200778CF8}.Release|Any CPU.ActiveCfg = Release|Any CPU
		{7858FA8C-475F-4B8E-B468-1F8200778CF8}.Release|Any CPU.Build.0 = Release|Any CPU
		{7858FA8C-475F-4B8E-B468-1F8200778CF8}.Release|x64.ActiveCfg = Release|x64
		{7858FA8C-475F-4B8E-B468-1F8200778CF8}.Release|x64.Build.0 = Release|x64
		{7858FA8C-475F-4B8E-B468-1F8200778CF8}.Release|x86.ActiveCfg = Release|Any CPU
		{7858FA8C-475F-4B8E-B468-1F8200778CF8}.Release|x86.Build.0 = Release|Any CPU
		{0EFABBF0-2B81-4423-B8E2-6111FBE69B79}.Debug|Any CPU.ActiveCfg = Debug|x64
		{0EFABBF0-2B81-4423-B8E2-6111FBE69B79}.Debug|Any CPU.Build.0 = Debug|x64
		{0EFABBF0-2B81-4423-B8E2-6111FBE69B79}.Debug|x64.ActiveCfg = Debug|x64
		{0EFABBF0-2B81-4423-B8E2-6111FBE69B79}.Debug|x64.Build.0 = Debug|x64
		{0EFABBF0-2B81-4423-B8E2-6111FBE69B79}.Debug|x86.ActiveCfg = Debug|Any CPU
		{0EFABBF0-2B81-4423-B8E2-6111FBE69B79}.Debug|x86.Build.0 = Debug|Any CPU
		{0EFABBF0-2B81-4423-B8E2-6111FBE69B79}.Release|Any CPU.ActiveCfg = Release|x64
		{0EFABBF0-2B81-4423-B8E2-6111FBE69B79}.Release|Any CPU.Build.0 = Release|x64
		{0EFABBF0-2B81-4423-B8E2-6111FBE69B79}.Release|x64.ActiveCfg = Release|x64
		{0EFABBF0-2B81-4423-B8E2-6111FBE69B79}.Release|x64.Build.0 = Release|x64
		{0EFABBF0-2B81-4423-B8E2-6111FBE69B79}.Release|x86.ActiveCfg = Release|Any CPU
		{0EFABBF0-2B81-4423-B8E2-6111FBE69B79}.Release|x86.Build.0 = Release|Any CPU
		{7318D5E5-9D15-4ABE-8A51-92F58D4F0B85}.Debug|Any CPU.ActiveCfg = Debug|Any CPU
		{7318D5E5-9D15-4ABE-8A51-92F58D4F0B85}.Debug|Any CPU.Build.0 = Debug|Any CPU
		{7318D5E5-9D15-4ABE-8A51-92F58D4F0B85}.Debug|x64.ActiveCfg = Debug|x64
		{7318D5E5-9D15-4ABE-8A51-92F58D4F0B85}.Debug|x64.Build.0 = Debug|x64
		{7318D5E5-9D15-4ABE-8A51-92F58D4F0B85}.Debug|x86.ActiveCfg = Debug|x86
		{7318D5E5-9D15-4ABE-8A51-92F58D4F0B85}.Debug|x86.Build.0 = Debug|x86
		{7318D5E5-9D15-4ABE-8A51-92F58D4F0B85}.Release|Any CPU.ActiveCfg = Release|Any CPU
		{7318D5E5-9D15-4ABE-8A51-92F58D4F0B85}.Release|Any CPU.Build.0 = Release|Any CPU
		{7318D5E5-9D15-4ABE-8A51-92F58D4F0B85}.Release|x64.ActiveCfg = Release|x64
		{7318D5E5-9D15-4ABE-8A51-92F58D4F0B85}.Release|x64.Build.0 = Release|x64
		{7318D5E5-9D15-4ABE-8A51-92F58D4F0B85}.Release|x86.ActiveCfg = Release|x86
		{7318D5E5-9D15-4ABE-8A51-92F58D4F0B85}.Release|x86.Build.0 = Release|x86
		{7A9E0314-966F-4584-BAA3-7339CBB849D1}.Debug|Any CPU.ActiveCfg = Debug|Any CPU
		{7A9E0314-966F-4584-BAA3-7339CBB849D1}.Debug|Any CPU.Build.0 = Debug|Any CPU
		{7A9E0314-966F-4584-BAA3-7339CBB849D1}.Debug|x64.ActiveCfg = Debug|x64
		{7A9E0314-966F-4584-BAA3-7339CBB849D1}.Debug|x64.Build.0 = Debug|x64
		{7A9E0314-966F-4584-BAA3-7339CBB849D1}.Debug|x86.ActiveCfg = Debug|x86
		{7A9E0314-966F-4584-BAA3-7339CBB849D1}.Debug|x86.Build.0 = Debug|x86
		{7A9E0314-966F-4584-BAA3-7339CBB849D1}.Release|Any CPU.ActiveCfg = Release|Any CPU
		{7A9E0314-966F-4584-BAA3-7339CBB849D1}.Release|Any CPU.Build.0 = Release|Any CPU
		{7A9E0314-966F-4584-BAA3-7339CBB849D1}.Release|x64.ActiveCfg = Release|x64
		{7A9E0314-966F-4584-BAA3-7339CBB849D1}.Release|x64.Build.0 = Release|x64
		{7A9E0314-966F-4584-BAA3-7339CBB849D1}.Release|x86.ActiveCfg = Release|x86
		{7A9E0314-966F-4584-BAA3-7339CBB849D1}.Release|x86.Build.0 = Release|x86
		{0D3D43DC-BD7E-46F0-93F7-1C6A6CC79948}.Debug|Any CPU.ActiveCfg = Debug|Any CPU
		{0D3D43DC-BD7E-46F0-93F7-1C6A6CC79948}.Debug|Any CPU.Build.0 = Debug|Any CPU
		{0D3D43DC-BD7E-46F0-93F7-1C6A6CC79948}.Debug|x64.ActiveCfg = Debug|x64
		{0D3D43DC-BD7E-46F0-93F7-1C6A6CC79948}.Debug|x64.Build.0 = Debug|x64
		{0D3D43DC-BD7E-46F0-93F7-1C6A6CC79948}.Debug|x86.ActiveCfg = Debug|x86
		{0D3D43DC-BD7E-46F0-93F7-1C6A6CC79948}.Debug|x86.Build.0 = Debug|x86
		{0D3D43DC-BD7E-46F0-93F7-1C6A6CC79948}.Release|Any CPU.ActiveCfg = Release|Any CPU
		{0D3D43DC-BD7E-46F0-93F7-1C6A6CC79948}.Release|Any CPU.Build.0 = Release|Any CPU
		{0D3D43DC-BD7E-46F0-93F7-1C6A6CC79948}.Release|x64.ActiveCfg = Release|x64
		{0D3D43DC-BD7E-46F0-93F7-1C6A6CC79948}.Release|x64.Build.0 = Release|x64
		{0D3D43DC-BD7E-46F0-93F7-1C6A6CC79948}.Release|x86.ActiveCfg = Release|x86
		{0D3D43DC-BD7E-46F0-93F7-1C6A6CC79948}.Release|x86.Build.0 = Release|x86
		{A4794476-7D0E-41C0-AD83-4AB929C0A46C}.Debug|Any CPU.ActiveCfg = Debug|Any CPU
		{A4794476-7D0E-41C0-AD83-4AB929C0A46C}.Debug|Any CPU.Build.0 = Debug|Any CPU
		{A4794476-7D0E-41C0-AD83-4AB929C0A46C}.Debug|x64.ActiveCfg = Debug|x64
		{A4794476-7D0E-41C0-AD83-4AB929C0A46C}.Debug|x64.Build.0 = Debug|x64
		{A4794476-7D0E-41C0-AD83-4AB929C0A46C}.Debug|x86.ActiveCfg = Debug|x86
		{A4794476-7D0E-41C0-AD83-4AB929C0A46C}.Debug|x86.Build.0 = Debug|x86
		{A4794476-7D0E-41C0-AD83-4AB929C0A46C}.Release|Any CPU.ActiveCfg = Release|Any CPU
		{A4794476-7D0E-41C0-AD83-4AB929C0A46C}.Release|Any CPU.Build.0 = Release|Any CPU
		{A4794476-7D0E-41C0-AD83-4AB929C0A46C}.Release|x64.ActiveCfg = Release|x64
		{A4794476-7D0E-41C0-AD83-4AB929C0A46C}.Release|x64.Build.0 = Release|x64
		{A4794476-7D0E-41C0-AD83-4AB929C0A46C}.Release|x86.ActiveCfg = Release|x86
		{A4794476-7D0E-41C0-AD83-4AB929C0A46C}.Release|x86.Build.0 = Release|x86
		{87550B2B-6CB8-461E-8965-DFAFE3AAFB5C}.Debug|Any CPU.ActiveCfg = Debug|Any CPU
		{87550B2B-6CB8-461E-8965-DFAFE3AAFB5C}.Debug|Any CPU.Build.0 = Debug|Any CPU
		{87550B2B-6CB8-461E-8965-DFAFE3AAFB5C}.Debug|x64.ActiveCfg = Debug|x64
		{87550B2B-6CB8-461E-8965-DFAFE3AAFB5C}.Debug|x64.Build.0 = Debug|x64
		{87550B2B-6CB8-461E-8965-DFAFE3AAFB5C}.Debug|x86.ActiveCfg = Debug|Any CPU
		{87550B2B-6CB8-461E-8965-DFAFE3AAFB5C}.Debug|x86.Build.0 = Debug|Any CPU
		{87550B2B-6CB8-461E-8965-DFAFE3AAFB5C}.Release|Any CPU.ActiveCfg = Release|Any CPU
		{87550B2B-6CB8-461E-8965-DFAFE3AAFB5C}.Release|Any CPU.Build.0 = Release|Any CPU
		{87550B2B-6CB8-461E-8965-DFAFE3AAFB5C}.Release|x64.ActiveCfg = Release|x64
		{87550B2B-6CB8-461E-8965-DFAFE3AAFB5C}.Release|x64.Build.0 = Release|x64
		{87550B2B-6CB8-461E-8965-DFAFE3AAFB5C}.Release|x86.ActiveCfg = Release|Any CPU
		{87550B2B-6CB8-461E-8965-DFAFE3AAFB5C}.Release|x86.Build.0 = Release|Any CPU
		{D8262D40-4880-41E4-91E4-AF8F480C8637}.Debug|Any CPU.ActiveCfg = Debug|Any CPU
		{D8262D40-4880-41E4-91E4-AF8F480C8637}.Debug|Any CPU.Build.0 = Debug|Any CPU
		{D8262D40-4880-41E4-91E4-AF8F480C8637}.Debug|x64.ActiveCfg = Debug|x64
		{D8262D40-4880-41E4-91E4-AF8F480C8637}.Debug|x64.Build.0 = Debug|x64
		{D8262D40-4880-41E4-91E4-AF8F480C8637}.Debug|x86.ActiveCfg = Debug|Any CPU
		{D8262D40-4880-41E4-91E4-AF8F480C8637}.Debug|x86.Build.0 = Debug|Any CPU
		{D8262D40-4880-41E4-91E4-AF8F480C8637}.Release|Any CPU.ActiveCfg = Release|Any CPU
		{D8262D40-4880-41E4-91E4-AF8F480C8637}.Release|Any CPU.Build.0 = Release|Any CPU
		{D8262D40-4880-41E4-91E4-AF8F480C8637}.Release|x64.ActiveCfg = Release|x64
		{D8262D40-4880-41E4-91E4-AF8F480C8637}.Release|x64.Build.0 = Release|x64
		{D8262D40-4880-41E4-91E4-AF8F480C8637}.Release|x86.ActiveCfg = Release|Any CPU
		{D8262D40-4880-41E4-91E4-AF8F480C8637}.Release|x86.Build.0 = Release|Any CPU
		{F5932F7D-8E34-4787-80B8-E7F9D996EDFF}.Debug|Any CPU.ActiveCfg = Debug|Any CPU
		{F5932F7D-8E34-4787-80B8-E7F9D996EDFF}.Debug|Any CPU.Build.0 = Debug|Any CPU
		{F5932F7D-8E34-4787-80B8-E7F9D996EDFF}.Debug|x64.ActiveCfg = Debug|x64
		{F5932F7D-8E34-4787-80B8-E7F9D996EDFF}.Debug|x64.Build.0 = Debug|x64
		{F5932F7D-8E34-4787-80B8-E7F9D996EDFF}.Debug|x86.ActiveCfg = Debug|Any CPU
		{F5932F7D-8E34-4787-80B8-E7F9D996EDFF}.Debug|x86.Build.0 = Debug|Any CPU
		{F5932F7D-8E34-4787-80B8-E7F9D996EDFF}.Release|Any CPU.ActiveCfg = Release|Any CPU
		{F5932F7D-8E34-4787-80B8-E7F9D996EDFF}.Release|Any CPU.Build.0 = Release|Any CPU
		{F5932F7D-8E34-4787-80B8-E7F9D996EDFF}.Release|x64.ActiveCfg = Release|x64
		{F5932F7D-8E34-4787-80B8-E7F9D996EDFF}.Release|x64.Build.0 = Release|x64
		{F5932F7D-8E34-4787-80B8-E7F9D996EDFF}.Release|x86.ActiveCfg = Release|Any CPU
		{F5932F7D-8E34-4787-80B8-E7F9D996EDFF}.Release|x86.Build.0 = Release|Any CPU
		{B9E338CA-6677-4772-B01D-1FCEABCDAAAB}.Debug|Any CPU.ActiveCfg = Debug|Any CPU
		{B9E338CA-6677-4772-B01D-1FCEABCDAAAB}.Debug|Any CPU.Build.0 = Debug|Any CPU
		{B9E338CA-6677-4772-B01D-1FCEABCDAAAB}.Debug|x64.ActiveCfg = Debug|x64
		{B9E338CA-6677-4772-B01D-1FCEABCDAAAB}.Debug|x64.Build.0 = Debug|x64
		{B9E338CA-6677-4772-B01D-1FCEABCDAAAB}.Debug|x86.ActiveCfg = Debug|Any CPU
		{B9E338CA-6677-4772-B01D-1FCEABCDAAAB}.Debug|x86.Build.0 = Debug|Any CPU
		{B9E338CA-6677-4772-B01D-1FCEABCDAAAB}.Release|Any CPU.ActiveCfg = Release|Any CPU
		{B9E338CA-6677-4772-B01D-1FCEABCDAAAB}.Release|Any CPU.Build.0 = Release|Any CPU
		{B9E338CA-6677-4772-B01D-1FCEABCDAAAB}.Release|x64.ActiveCfg = Release|x64
		{B9E338CA-6677-4772-B01D-1FCEABCDAAAB}.Release|x64.Build.0 = Release|x64
		{B9E338CA-6677-4772-B01D-1FCEABCDAAAB}.Release|x86.ActiveCfg = Release|Any CPU
		{B9E338CA-6677-4772-B01D-1FCEABCDAAAB}.Release|x86.Build.0 = Release|Any CPU
		{01DE9B06-0BCB-4D8A-862E-E8170F5D6B4F}.Debug|Any CPU.ActiveCfg = Debug|Any CPU
		{01DE9B06-0BCB-4D8A-862E-E8170F5D6B4F}.Debug|Any CPU.Build.0 = Debug|Any CPU
		{01DE9B06-0BCB-4D8A-862E-E8170F5D6B4F}.Debug|x64.ActiveCfg = Debug|x64
		{01DE9B06-0BCB-4D8A-862E-E8170F5D6B4F}.Debug|x64.Build.0 = Debug|x64
		{01DE9B06-0BCB-4D8A-862E-E8170F5D6B4F}.Debug|x86.ActiveCfg = Debug|Any CPU
		{01DE9B06-0BCB-4D8A-862E-E8170F5D6B4F}.Debug|x86.Build.0 = Debug|Any CPU
		{01DE9B06-0BCB-4D8A-862E-E8170F5D6B4F}.Release|Any CPU.ActiveCfg = Release|Any CPU
		{01DE9B06-0BCB-4D8A-862E-E8170F5D6B4F}.Release|Any CPU.Build.0 = Release|Any CPU
		{01DE9B06-0BCB-4D8A-862E-E8170F5D6B4F}.Release|x64.ActiveCfg = Release|x64
		{01DE9B06-0BCB-4D8A-862E-E8170F5D6B4F}.Release|x64.Build.0 = Release|x64
		{01DE9B06-0BCB-4D8A-862E-E8170F5D6B4F}.Release|x86.ActiveCfg = Release|Any CPU
		{01DE9B06-0BCB-4D8A-862E-E8170F5D6B4F}.Release|x86.Build.0 = Release|Any CPU
		{EF879A10-041D-4C68-83E7-3192685F1BAE}.Debug|Any CPU.ActiveCfg = Debug|Any CPU
		{EF879A10-041D-4C68-83E7-3192685F1BAE}.Debug|Any CPU.Build.0 = Debug|Any CPU
		{EF879A10-041D-4C68-83E7-3192685F1BAE}.Debug|x64.ActiveCfg = Debug|x64
		{EF879A10-041D-4C68-83E7-3192685F1BAE}.Debug|x64.Build.0 = Debug|x64
		{EF879A10-041D-4C68-83E7-3192685F1BAE}.Debug|x86.ActiveCfg = Debug|Any CPU
		{EF879A10-041D-4C68-83E7-3192685F1BAE}.Debug|x86.Build.0 = Debug|Any CPU
		{EF879A10-041D-4C68-83E7-3192685F1BAE}.Release|Any CPU.ActiveCfg = Release|Any CPU
		{EF879A10-041D-4C68-83E7-3192685F1BAE}.Release|Any CPU.Build.0 = Release|Any CPU
		{EF879A10-041D-4C68-83E7-3192685F1BAE}.Release|x64.ActiveCfg = Release|x64
		{EF879A10-041D-4C68-83E7-3192685F1BAE}.Release|x64.Build.0 = Release|x64
		{EF879A10-041D-4C68-83E7-3192685F1BAE}.Release|x86.ActiveCfg = Release|Any CPU
		{EF879A10-041D-4C68-83E7-3192685F1BAE}.Release|x86.Build.0 = Release|Any CPU
		{B5F435CB-0D8A-40B1-A4F7-5ECB3CE792A9}.Debug|Any CPU.ActiveCfg = Debug|Any CPU
		{B5F435CB-0D8A-40B1-A4F7-5ECB3CE792A9}.Debug|Any CPU.Build.0 = Debug|Any CPU
		{B5F435CB-0D8A-40B1-A4F7-5ECB3CE792A9}.Debug|x64.ActiveCfg = Debug|x64
		{B5F435CB-0D8A-40B1-A4F7-5ECB3CE792A9}.Debug|x64.Build.0 = Debug|x64
		{B5F435CB-0D8A-40B1-A4F7-5ECB3CE792A9}.Debug|x86.ActiveCfg = Debug|Any CPU
		{B5F435CB-0D8A-40B1-A4F7-5ECB3CE792A9}.Debug|x86.Build.0 = Debug|Any CPU
		{B5F435CB-0D8A-40B1-A4F7-5ECB3CE792A9}.Release|Any CPU.ActiveCfg = Release|Any CPU
		{B5F435CB-0D8A-40B1-A4F7-5ECB3CE792A9}.Release|Any CPU.Build.0 = Release|Any CPU
		{B5F435CB-0D8A-40B1-A4F7-5ECB3CE792A9}.Release|x64.ActiveCfg = Release|x64
		{B5F435CB-0D8A-40B1-A4F7-5ECB3CE792A9}.Release|x64.Build.0 = Release|x64
		{B5F435CB-0D8A-40B1-A4F7-5ECB3CE792A9}.Release|x86.ActiveCfg = Release|Any CPU
		{B5F435CB-0D8A-40B1-A4F7-5ECB3CE792A9}.Release|x86.Build.0 = Release|Any CPU
		{9EEF4F42-6B3B-4358-9A8A-C2701539A822}.Debug|Any CPU.ActiveCfg = Debug|Any CPU
		{9EEF4F42-6B3B-4358-9A8A-C2701539A822}.Debug|Any CPU.Build.0 = Debug|Any CPU
		{9EEF4F42-6B3B-4358-9A8A-C2701539A822}.Debug|x64.ActiveCfg = Debug|x64
		{9EEF4F42-6B3B-4358-9A8A-C2701539A822}.Debug|x64.Build.0 = Debug|x64
		{9EEF4F42-6B3B-4358-9A8A-C2701539A822}.Debug|x86.ActiveCfg = Debug|Any CPU
		{9EEF4F42-6B3B-4358-9A8A-C2701539A822}.Debug|x86.Build.0 = Debug|Any CPU
		{9EEF4F42-6B3B-4358-9A8A-C2701539A822}.Release|Any CPU.ActiveCfg = Release|Any CPU
		{9EEF4F42-6B3B-4358-9A8A-C2701539A822}.Release|Any CPU.Build.0 = Release|Any CPU
		{9EEF4F42-6B3B-4358-9A8A-C2701539A822}.Release|x64.ActiveCfg = Release|x64
		{9EEF4F42-6B3B-4358-9A8A-C2701539A822}.Release|x64.Build.0 = Release|x64
		{9EEF4F42-6B3B-4358-9A8A-C2701539A822}.Release|x86.ActiveCfg = Release|Any CPU
		{9EEF4F42-6B3B-4358-9A8A-C2701539A822}.Release|x86.Build.0 = Release|Any CPU
		{C2595B04-856D-40AE-8B99-4804C7A70708}.Debug|Any CPU.ActiveCfg = Debug|Any CPU
		{C2595B04-856D-40AE-8B99-4804C7A70708}.Debug|Any CPU.Build.0 = Debug|Any CPU
		{C2595B04-856D-40AE-8B99-4804C7A70708}.Debug|x64.ActiveCfg = Debug|x64
		{C2595B04-856D-40AE-8B99-4804C7A70708}.Debug|x64.Build.0 = Debug|x64
		{C2595B04-856D-40AE-8B99-4804C7A70708}.Debug|x86.ActiveCfg = Debug|Any CPU
		{C2595B04-856D-40AE-8B99-4804C7A70708}.Debug|x86.Build.0 = Debug|Any CPU
		{C2595B04-856D-40AE-8B99-4804C7A70708}.Release|Any CPU.ActiveCfg = Release|Any CPU
		{C2595B04-856D-40AE-8B99-4804C7A70708}.Release|Any CPU.Build.0 = Release|Any CPU
		{C2595B04-856D-40AE-8B99-4804C7A70708}.Release|x64.ActiveCfg = Release|x64
		{C2595B04-856D-40AE-8B99-4804C7A70708}.Release|x64.Build.0 = Release|x64
		{C2595B04-856D-40AE-8B99-4804C7A70708}.Release|x86.ActiveCfg = Release|Any CPU
		{C2595B04-856D-40AE-8B99-4804C7A70708}.Release|x86.Build.0 = Release|Any CPU
		{CCB6E56B-2DA1-4EBA-A1F9-E8510E129D12}.Debug|Any CPU.ActiveCfg = Debug|Any CPU
		{CCB6E56B-2DA1-4EBA-A1F9-E8510E129D12}.Debug|Any CPU.Build.0 = Debug|Any CPU
		{CCB6E56B-2DA1-4EBA-A1F9-E8510E129D12}.Debug|x64.ActiveCfg = Debug|x64
		{CCB6E56B-2DA1-4EBA-A1F9-E8510E129D12}.Debug|x64.Build.0 = Debug|x64
		{CCB6E56B-2DA1-4EBA-A1F9-E8510E129D12}.Debug|x86.ActiveCfg = Debug|Any CPU
		{CCB6E56B-2DA1-4EBA-A1F9-E8510E129D12}.Debug|x86.Build.0 = Debug|Any CPU
		{CCB6E56B-2DA1-4EBA-A1F9-E8510E129D12}.Release|Any CPU.ActiveCfg = Release|Any CPU
		{CCB6E56B-2DA1-4EBA-A1F9-E8510E129D12}.Release|Any CPU.Build.0 = Release|Any CPU
		{CCB6E56B-2DA1-4EBA-A1F9-E8510E129D12}.Release|x64.ActiveCfg = Release|x64
		{CCB6E56B-2DA1-4EBA-A1F9-E8510E129D12}.Release|x64.Build.0 = Release|x64
		{CCB6E56B-2DA1-4EBA-A1F9-E8510E129D12}.Release|x86.ActiveCfg = Release|Any CPU
		{CCB6E56B-2DA1-4EBA-A1F9-E8510E129D12}.Release|x86.Build.0 = Release|Any CPU
		{133FC760-5699-46D9-BEA6-E816B5F01016}.Debug|Any CPU.ActiveCfg = Debug|Any CPU
		{133FC760-5699-46D9-BEA6-E816B5F01016}.Debug|Any CPU.Build.0 = Debug|Any CPU
		{133FC760-5699-46D9-BEA6-E816B5F01016}.Debug|x64.ActiveCfg = Debug|x64
		{133FC760-5699-46D9-BEA6-E816B5F01016}.Debug|x64.Build.0 = Debug|x64
		{133FC760-5699-46D9-BEA6-E816B5F01016}.Debug|x86.ActiveCfg = Debug|Any CPU
		{133FC760-5699-46D9-BEA6-E816B5F01016}.Debug|x86.Build.0 = Debug|Any CPU
		{133FC760-5699-46D9-BEA6-E816B5F01016}.Release|Any CPU.ActiveCfg = Release|Any CPU
		{133FC760-5699-46D9-BEA6-E816B5F01016}.Release|Any CPU.Build.0 = Release|Any CPU
		{133FC760-5699-46D9-BEA6-E816B5F01016}.Release|x64.ActiveCfg = Release|x64
		{133FC760-5699-46D9-BEA6-E816B5F01016}.Release|x64.Build.0 = Release|x64
		{133FC760-5699-46D9-BEA6-E816B5F01016}.Release|x86.ActiveCfg = Release|Any CPU
		{133FC760-5699-46D9-BEA6-E816B5F01016}.Release|x86.Build.0 = Release|Any CPU
		{51BB6014-43F7-4F31-B8D3-E3C37EBEDAF4}.Debug|Any CPU.ActiveCfg = Debug|Any CPU
		{51BB6014-43F7-4F31-B8D3-E3C37EBEDAF4}.Debug|Any CPU.Build.0 = Debug|Any CPU
		{51BB6014-43F7-4F31-B8D3-E3C37EBEDAF4}.Debug|x64.ActiveCfg = Debug|x64
		{51BB6014-43F7-4F31-B8D3-E3C37EBEDAF4}.Debug|x64.Build.0 = Debug|x64
		{51BB6014-43F7-4F31-B8D3-E3C37EBEDAF4}.Debug|x86.ActiveCfg = Debug|Any CPU
		{51BB6014-43F7-4F31-B8D3-E3C37EBEDAF4}.Debug|x86.Build.0 = Debug|Any CPU
		{51BB6014-43F7-4F31-B8D3-E3C37EBEDAF4}.Release|Any CPU.ActiveCfg = Release|Any CPU
		{51BB6014-43F7-4F31-B8D3-E3C37EBEDAF4}.Release|Any CPU.Build.0 = Release|Any CPU
		{51BB6014-43F7-4F31-B8D3-E3C37EBEDAF4}.Release|x64.ActiveCfg = Release|x64
		{51BB6014-43F7-4F31-B8D3-E3C37EBEDAF4}.Release|x64.Build.0 = Release|x64
		{51BB6014-43F7-4F31-B8D3-E3C37EBEDAF4}.Release|x86.ActiveCfg = Release|Any CPU
		{51BB6014-43F7-4F31-B8D3-E3C37EBEDAF4}.Release|x86.Build.0 = Release|Any CPU
		{C5ADC05B-34E8-47BF-8E78-9C7BF96418C2}.Debug|Any CPU.ActiveCfg = Debug|Any CPU
		{C5ADC05B-34E8-47BF-8E78-9C7BF96418C2}.Debug|Any CPU.Build.0 = Debug|Any CPU
		{C5ADC05B-34E8-47BF-8E78-9C7BF96418C2}.Debug|x64.ActiveCfg = Debug|x64
		{C5ADC05B-34E8-47BF-8E78-9C7BF96418C2}.Debug|x64.Build.0 = Debug|x64
		{C5ADC05B-34E8-47BF-8E78-9C7BF96418C2}.Debug|x86.ActiveCfg = Debug|Any CPU
		{C5ADC05B-34E8-47BF-8E78-9C7BF96418C2}.Debug|x86.Build.0 = Debug|Any CPU
		{C5ADC05B-34E8-47BF-8E78-9C7BF96418C2}.Release|Any CPU.ActiveCfg = Release|Any CPU
		{C5ADC05B-34E8-47BF-8E78-9C7BF96418C2}.Release|Any CPU.Build.0 = Release|Any CPU
		{C5ADC05B-34E8-47BF-8E78-9C7BF96418C2}.Release|x64.ActiveCfg = Release|x64
		{C5ADC05B-34E8-47BF-8E78-9C7BF96418C2}.Release|x64.Build.0 = Release|x64
		{C5ADC05B-34E8-47BF-8E78-9C7BF96418C2}.Release|x86.ActiveCfg = Release|Any CPU
		{C5ADC05B-34E8-47BF-8E78-9C7BF96418C2}.Release|x86.Build.0 = Release|Any CPU
		{47533B7C-0E1A-44A4-8511-B438645F052A}.Debug|Any CPU.ActiveCfg = Debug|Any CPU
		{47533B7C-0E1A-44A4-8511-B438645F052A}.Debug|Any CPU.Build.0 = Debug|Any CPU
		{47533B7C-0E1A-44A4-8511-B438645F052A}.Debug|x64.ActiveCfg = Debug|x64
		{47533B7C-0E1A-44A4-8511-B438645F052A}.Debug|x64.Build.0 = Debug|x64
		{47533B7C-0E1A-44A4-8511-B438645F052A}.Debug|x86.ActiveCfg = Debug|Any CPU
		{47533B7C-0E1A-44A4-8511-B438645F052A}.Debug|x86.Build.0 = Debug|Any CPU
		{47533B7C-0E1A-44A4-8511-B438645F052A}.Release|Any CPU.ActiveCfg = Release|Any CPU
		{47533B7C-0E1A-44A4-8511-B438645F052A}.Release|Any CPU.Build.0 = Release|Any CPU
		{47533B7C-0E1A-44A4-8511-B438645F052A}.Release|x64.ActiveCfg = Release|x64
		{47533B7C-0E1A-44A4-8511-B438645F052A}.Release|x64.Build.0 = Release|x64
		{47533B7C-0E1A-44A4-8511-B438645F052A}.Release|x86.ActiveCfg = Release|Any CPU
		{47533B7C-0E1A-44A4-8511-B438645F052A}.Release|x86.Build.0 = Release|Any CPU
		{8872CA17-C10D-43B9-8393-5C5A57065EB0}.Debug|Any CPU.ActiveCfg = Debug|Any CPU
		{8872CA17-C10D-43B9-8393-5C5A57065EB0}.Debug|Any CPU.Build.0 = Debug|Any CPU
		{8872CA17-C10D-43B9-8393-5C5A57065EB0}.Debug|x64.ActiveCfg = Debug|x64
		{8872CA17-C10D-43B9-8393-5C5A57065EB0}.Debug|x64.Build.0 = Debug|x64
		{8872CA17-C10D-43B9-8393-5C5A57065EB0}.Debug|x86.ActiveCfg = Debug|Any CPU
		{8872CA17-C10D-43B9-8393-5C5A57065EB0}.Debug|x86.Build.0 = Debug|Any CPU
		{8872CA17-C10D-43B9-8393-5C5A57065EB0}.Release|Any CPU.ActiveCfg = Release|Any CPU
		{8872CA17-C10D-43B9-8393-5C5A57065EB0}.Release|Any CPU.Build.0 = Release|Any CPU
		{8872CA17-C10D-43B9-8393-5C5A57065EB0}.Release|x64.ActiveCfg = Release|x64
		{8872CA17-C10D-43B9-8393-5C5A57065EB0}.Release|x64.Build.0 = Release|x64
		{8872CA17-C10D-43B9-8393-5C5A57065EB0}.Release|x86.ActiveCfg = Release|Any CPU
		{8872CA17-C10D-43B9-8393-5C5A57065EB0}.Release|x86.Build.0 = Release|Any CPU
		{31183026-DE70-49CB-BC7C-0DFD0A088F62}.Debug|Any CPU.ActiveCfg = Debug|Any CPU
		{31183026-DE70-49CB-BC7C-0DFD0A088F62}.Debug|Any CPU.Build.0 = Debug|Any CPU
		{31183026-DE70-49CB-BC7C-0DFD0A088F62}.Debug|x64.ActiveCfg = Debug|x64
		{31183026-DE70-49CB-BC7C-0DFD0A088F62}.Debug|x64.Build.0 = Debug|x64
		{31183026-DE70-49CB-BC7C-0DFD0A088F62}.Debug|x86.ActiveCfg = Debug|Any CPU
		{31183026-DE70-49CB-BC7C-0DFD0A088F62}.Debug|x86.Build.0 = Debug|Any CPU
		{31183026-DE70-49CB-BC7C-0DFD0A088F62}.Release|Any CPU.ActiveCfg = Release|Any CPU
		{31183026-DE70-49CB-BC7C-0DFD0A088F62}.Release|Any CPU.Build.0 = Release|Any CPU
		{31183026-DE70-49CB-BC7C-0DFD0A088F62}.Release|x64.ActiveCfg = Release|x64
		{31183026-DE70-49CB-BC7C-0DFD0A088F62}.Release|x64.Build.0 = Release|x64
		{31183026-DE70-49CB-BC7C-0DFD0A088F62}.Release|x86.ActiveCfg = Release|Any CPU
		{31183026-DE70-49CB-BC7C-0DFD0A088F62}.Release|x86.Build.0 = Release|Any CPU
		{33F88E8C-CC3C-4237-8AA9-CC891EFCABFA}.Debug|Any CPU.ActiveCfg = Debug|Any CPU
		{33F88E8C-CC3C-4237-8AA9-CC891EFCABFA}.Debug|Any CPU.Build.0 = Debug|Any CPU
		{33F88E8C-CC3C-4237-8AA9-CC891EFCABFA}.Debug|x64.ActiveCfg = Debug|x64
		{33F88E8C-CC3C-4237-8AA9-CC891EFCABFA}.Debug|x64.Build.0 = Debug|x64
		{33F88E8C-CC3C-4237-8AA9-CC891EFCABFA}.Debug|x86.ActiveCfg = Debug|Any CPU
		{33F88E8C-CC3C-4237-8AA9-CC891EFCABFA}.Debug|x86.Build.0 = Debug|Any CPU
		{33F88E8C-CC3C-4237-8AA9-CC891EFCABFA}.Release|Any CPU.ActiveCfg = Release|Any CPU
		{33F88E8C-CC3C-4237-8AA9-CC891EFCABFA}.Release|Any CPU.Build.0 = Release|Any CPU
		{33F88E8C-CC3C-4237-8AA9-CC891EFCABFA}.Release|x64.ActiveCfg = Release|x64
		{33F88E8C-CC3C-4237-8AA9-CC891EFCABFA}.Release|x64.Build.0 = Release|x64
		{33F88E8C-CC3C-4237-8AA9-CC891EFCABFA}.Release|x86.ActiveCfg = Release|Any CPU
		{33F88E8C-CC3C-4237-8AA9-CC891EFCABFA}.Release|x86.Build.0 = Release|Any CPU
		{8EACBFD1-1CD4-4519-A5FC-215D40A67204}.Debug|Any CPU.ActiveCfg = Debug|x64
		{8EACBFD1-1CD4-4519-A5FC-215D40A67204}.Debug|Any CPU.Build.0 = Debug|x64
		{8EACBFD1-1CD4-4519-A5FC-215D40A67204}.Debug|x64.ActiveCfg = Debug|x64
		{8EACBFD1-1CD4-4519-A5FC-215D40A67204}.Debug|x64.Build.0 = Debug|x64
		{8EACBFD1-1CD4-4519-A5FC-215D40A67204}.Debug|x86.ActiveCfg = Debug|Any CPU
		{8EACBFD1-1CD4-4519-A5FC-215D40A67204}.Debug|x86.Build.0 = Debug|Any CPU
		{8EACBFD1-1CD4-4519-A5FC-215D40A67204}.Release|Any CPU.ActiveCfg = Release|x64
		{8EACBFD1-1CD4-4519-A5FC-215D40A67204}.Release|Any CPU.Build.0 = Release|x64
		{8EACBFD1-1CD4-4519-A5FC-215D40A67204}.Release|x64.ActiveCfg = Release|x64
		{8EACBFD1-1CD4-4519-A5FC-215D40A67204}.Release|x64.Build.0 = Release|x64
		{8EACBFD1-1CD4-4519-A5FC-215D40A67204}.Release|x86.ActiveCfg = Release|Any CPU
		{8EACBFD1-1CD4-4519-A5FC-215D40A67204}.Release|x86.Build.0 = Release|Any CPU
		{A50C198C-DA6E-4081-BC53-0F44D287F207}.Debug|Any CPU.ActiveCfg = Debug|Any CPU
		{A50C198C-DA6E-4081-BC53-0F44D287F207}.Debug|Any CPU.Build.0 = Debug|Any CPU
		{A50C198C-DA6E-4081-BC53-0F44D287F207}.Debug|x64.ActiveCfg = Debug|x64
		{A50C198C-DA6E-4081-BC53-0F44D287F207}.Debug|x64.Build.0 = Debug|x64
		{A50C198C-DA6E-4081-BC53-0F44D287F207}.Debug|x86.ActiveCfg = Debug|Any CPU
		{A50C198C-DA6E-4081-BC53-0F44D287F207}.Debug|x86.Build.0 = Debug|Any CPU
		{A50C198C-DA6E-4081-BC53-0F44D287F207}.Release|Any CPU.ActiveCfg = Release|Any CPU
		{A50C198C-DA6E-4081-BC53-0F44D287F207}.Release|Any CPU.Build.0 = Release|Any CPU
		{A50C198C-DA6E-4081-BC53-0F44D287F207}.Release|x64.ActiveCfg = Release|x64
		{A50C198C-DA6E-4081-BC53-0F44D287F207}.Release|x64.Build.0 = Release|x64
		{A50C198C-DA6E-4081-BC53-0F44D287F207}.Release|x86.ActiveCfg = Release|Any CPU
		{A50C198C-DA6E-4081-BC53-0F44D287F207}.Release|x86.Build.0 = Release|Any CPU
		{0E641B47-2E78-46A0-9EA7-973877595C7A}.Debug|Any CPU.ActiveCfg = Debug|Any CPU
		{0E641B47-2E78-46A0-9EA7-973877595C7A}.Debug|Any CPU.Build.0 = Debug|Any CPU
		{0E641B47-2E78-46A0-9EA7-973877595C7A}.Debug|x64.ActiveCfg = Debug|Any CPU
		{0E641B47-2E78-46A0-9EA7-973877595C7A}.Debug|x64.Build.0 = Debug|Any CPU
		{0E641B47-2E78-46A0-9EA7-973877595C7A}.Debug|x86.ActiveCfg = Debug|Any CPU
		{0E641B47-2E78-46A0-9EA7-973877595C7A}.Debug|x86.Build.0 = Debug|Any CPU
		{0E641B47-2E78-46A0-9EA7-973877595C7A}.Release|Any CPU.ActiveCfg = Release|Any CPU
		{0E641B47-2E78-46A0-9EA7-973877595C7A}.Release|Any CPU.Build.0 = Release|Any CPU
		{0E641B47-2E78-46A0-9EA7-973877595C7A}.Release|x64.ActiveCfg = Release|Any CPU
		{0E641B47-2E78-46A0-9EA7-973877595C7A}.Release|x64.Build.0 = Release|Any CPU
		{0E641B47-2E78-46A0-9EA7-973877595C7A}.Release|x86.ActiveCfg = Release|Any CPU
		{0E641B47-2E78-46A0-9EA7-973877595C7A}.Release|x86.Build.0 = Release|Any CPU
		{C0D6DEE5-5532-4345-9C66-4C00D7FDB8BE}.Debug|Any CPU.ActiveCfg = Debug|Any CPU
		{C0D6DEE5-5532-4345-9C66-4C00D7FDB8BE}.Debug|Any CPU.Build.0 = Debug|Any CPU
		{C0D6DEE5-5532-4345-9C66-4C00D7FDB8BE}.Debug|x64.ActiveCfg = Debug|Any CPU
		{C0D6DEE5-5532-4345-9C66-4C00D7FDB8BE}.Debug|x64.Build.0 = Debug|Any CPU
		{C0D6DEE5-5532-4345-9C66-4C00D7FDB8BE}.Debug|x86.ActiveCfg = Debug|Any CPU
		{C0D6DEE5-5532-4345-9C66-4C00D7FDB8BE}.Debug|x86.Build.0 = Debug|Any CPU
		{C0D6DEE5-5532-4345-9C66-4C00D7FDB8BE}.Release|Any CPU.ActiveCfg = Release|Any CPU
		{C0D6DEE5-5532-4345-9C66-4C00D7FDB8BE}.Release|Any CPU.Build.0 = Release|Any CPU
		{C0D6DEE5-5532-4345-9C66-4C00D7FDB8BE}.Release|x64.ActiveCfg = Release|Any CPU
		{C0D6DEE5-5532-4345-9C66-4C00D7FDB8BE}.Release|x64.Build.0 = Release|Any CPU
		{C0D6DEE5-5532-4345-9C66-4C00D7FDB8BE}.Release|x86.ActiveCfg = Release|Any CPU
		{C0D6DEE5-5532-4345-9C66-4C00D7FDB8BE}.Release|x86.Build.0 = Release|Any CPU
		{BEBF0FCC-11A9-45F5-A076-BDDDEC452D59}.Debug|Any CPU.ActiveCfg = Debug|Any CPU
		{BEBF0FCC-11A9-45F5-A076-BDDDEC452D59}.Debug|Any CPU.Build.0 = Debug|Any CPU
		{BEBF0FCC-11A9-45F5-A076-BDDDEC452D59}.Debug|x64.ActiveCfg = Debug|Any CPU
		{BEBF0FCC-11A9-45F5-A076-BDDDEC452D59}.Debug|x64.Build.0 = Debug|Any CPU
		{BEBF0FCC-11A9-45F5-A076-BDDDEC452D59}.Debug|x86.ActiveCfg = Debug|Any CPU
		{BEBF0FCC-11A9-45F5-A076-BDDDEC452D59}.Debug|x86.Build.0 = Debug|Any CPU
		{BEBF0FCC-11A9-45F5-A076-BDDDEC452D59}.Release|Any CPU.ActiveCfg = Release|Any CPU
		{BEBF0FCC-11A9-45F5-A076-BDDDEC452D59}.Release|Any CPU.Build.0 = Release|Any CPU
		{BEBF0FCC-11A9-45F5-A076-BDDDEC452D59}.Release|x64.ActiveCfg = Release|Any CPU
		{BEBF0FCC-11A9-45F5-A076-BDDDEC452D59}.Release|x64.Build.0 = Release|Any CPU
		{BEBF0FCC-11A9-45F5-A076-BDDDEC452D59}.Release|x86.ActiveCfg = Release|Any CPU
		{BEBF0FCC-11A9-45F5-A076-BDDDEC452D59}.Release|x86.Build.0 = Release|Any CPU
		{14B2ADFE-54A0-46D3-B400-8F9333C1F96B}.Debug|Any CPU.ActiveCfg = Debug|Any CPU
		{14B2ADFE-54A0-46D3-B400-8F9333C1F96B}.Debug|Any CPU.Build.0 = Debug|Any CPU
		{14B2ADFE-54A0-46D3-B400-8F9333C1F96B}.Debug|x64.ActiveCfg = Debug|Any CPU
		{14B2ADFE-54A0-46D3-B400-8F9333C1F96B}.Debug|x64.Build.0 = Debug|Any CPU
		{14B2ADFE-54A0-46D3-B400-8F9333C1F96B}.Debug|x86.ActiveCfg = Debug|Any CPU
		{14B2ADFE-54A0-46D3-B400-8F9333C1F96B}.Debug|x86.Build.0 = Debug|Any CPU
		{14B2ADFE-54A0-46D3-B400-8F9333C1F96B}.Release|Any CPU.ActiveCfg = Release|Any CPU
		{14B2ADFE-54A0-46D3-B400-8F9333C1F96B}.Release|Any CPU.Build.0 = Release|Any CPU
		{14B2ADFE-54A0-46D3-B400-8F9333C1F96B}.Release|x64.ActiveCfg = Release|Any CPU
		{14B2ADFE-54A0-46D3-B400-8F9333C1F96B}.Release|x64.Build.0 = Release|Any CPU
		{14B2ADFE-54A0-46D3-B400-8F9333C1F96B}.Release|x86.ActiveCfg = Release|Any CPU
		{14B2ADFE-54A0-46D3-B400-8F9333C1F96B}.Release|x86.Build.0 = Release|Any CPU
		{C068DE76-0651-4F6C-8807-B90EF749D104}.Debug|Any CPU.ActiveCfg = Debug|Any CPU
		{C068DE76-0651-4F6C-8807-B90EF749D104}.Debug|Any CPU.Build.0 = Debug|Any CPU
		{C068DE76-0651-4F6C-8807-B90EF749D104}.Debug|x64.ActiveCfg = Debug|x64
		{C068DE76-0651-4F6C-8807-B90EF749D104}.Debug|x64.Build.0 = Debug|x64
		{C068DE76-0651-4F6C-8807-B90EF749D104}.Debug|x86.ActiveCfg = Debug|Any CPU
		{C068DE76-0651-4F6C-8807-B90EF749D104}.Debug|x86.Build.0 = Debug|Any CPU
		{C068DE76-0651-4F6C-8807-B90EF749D104}.Release|Any CPU.ActiveCfg = Release|Any CPU
		{C068DE76-0651-4F6C-8807-B90EF749D104}.Release|Any CPU.Build.0 = Release|Any CPU
		{C068DE76-0651-4F6C-8807-B90EF749D104}.Release|x64.ActiveCfg = Release|x64
		{C068DE76-0651-4F6C-8807-B90EF749D104}.Release|x64.Build.0 = Release|x64
		{C068DE76-0651-4F6C-8807-B90EF749D104}.Release|x86.ActiveCfg = Release|Any CPU
		{C068DE76-0651-4F6C-8807-B90EF749D104}.Release|x86.Build.0 = Release|Any CPU
	EndGlobalSection
	GlobalSection(SolutionProperties) = preSolution
		HideSolutionNode = FALSE
	EndGlobalSection
	GlobalSection(NestedProjects) = preSolution
		{7318D5E5-9D15-4ABE-8A51-92F58D4F0B85} = {A6533823-A64A-441C-B7A2-7B2772F87002}
		{7A9E0314-966F-4584-BAA3-7339CBB849D1} = {A6533823-A64A-441C-B7A2-7B2772F87002}
		{0D3D43DC-BD7E-46F0-93F7-1C6A6CC79948} = {A6533823-A64A-441C-B7A2-7B2772F87002}
		{A4794476-7D0E-41C0-AD83-4AB929C0A46C} = {A6533823-A64A-441C-B7A2-7B2772F87002}
		{87550B2B-6CB8-461E-8965-DFAFE3AAFB5C} = {FA7BE306-A3B0-45FA-9D87-0C69E6932C13}
		{D8262D40-4880-41E4-91E4-AF8F480C8637} = {FA7BE306-A3B0-45FA-9D87-0C69E6932C13}
		{F5932F7D-8E34-4787-80B8-E7F9D996EDFF} = {FA7BE306-A3B0-45FA-9D87-0C69E6932C13}
		{B9E338CA-6677-4772-B01D-1FCEABCDAAAB} = {FA7BE306-A3B0-45FA-9D87-0C69E6932C13}
		{01DE9B06-0BCB-4D8A-862E-E8170F5D6B4F} = {FA7BE306-A3B0-45FA-9D87-0C69E6932C13}
		{9EEF4F42-6B3B-4358-9A8A-C2701539A822} = {FA7BE306-A3B0-45FA-9D87-0C69E6932C13}
		{C2595B04-856D-40AE-8B99-4804C7A70708} = {A6533823-A64A-441C-B7A2-7B2772F87002}
		{CCB6E56B-2DA1-4EBA-A1F9-E8510E129D12} = {FA7BE306-A3B0-45FA-9D87-0C69E6932C13}
		{C5ADC05B-34E8-47BF-8E78-9C7BF96418C2} = {FA7BE306-A3B0-45FA-9D87-0C69E6932C13}
		{8872CA17-C10D-43B9-8393-5C5A57065EB0} = {FA7BE306-A3B0-45FA-9D87-0C69E6932C13}
		{31183026-DE70-49CB-BC7C-0DFD0A088F62} = {FA7BE306-A3B0-45FA-9D87-0C69E6932C13}
		{A50C198C-DA6E-4081-BC53-0F44D287F207} = {FA7BE306-A3B0-45FA-9D87-0C69E6932C13}
		{0E641B47-2E78-46A0-9EA7-973877595C7A} = {FA7BE306-A3B0-45FA-9D87-0C69E6932C13}
		{C0D6DEE5-5532-4345-9C66-4C00D7FDB8BE} = {FA7BE306-A3B0-45FA-9D87-0C69E6932C13}
		{BEBF0FCC-11A9-45F5-A076-BDDDEC452D59} = {FA7BE306-A3B0-45FA-9D87-0C69E6932C13}
		{14B2ADFE-54A0-46D3-B400-8F9333C1F96B} = {08107888-2AA7-4B78-8498-D60B63835022}
		{C068DE76-0651-4F6C-8807-B90EF749D104} = {FA7BE306-A3B0-45FA-9D87-0C69E6932C13}
	EndGlobalSection
	GlobalSection(ExtensibilityGlobals) = postSolution
		SolutionGuid = {882EA364-8DA9-4F9A-9EE6-C244FC86E13A}
	EndGlobalSection
EndGlobal
